
Microsoft Visual Studio Solution File, Format Version 12.00
Project("{FAE04EC0-301F-11D3-BF4B-00C04F79EFBC}") = "BKA.Tools.CrewFinding.BehaviourTest", "BKA.Tools.CrewFinding.BehaviourTest\BKA.Tools.CrewFinding.BehaviourTest.csproj", "{ABEC5B25-64DC-42F0-B409-6CD342D98B01}"
EndProject
Project("{FAE04EC0-301F-11D3-BF4B-00C04F79EFBC}") = "BKA.Tools.CrewFinding.Tests", "BKA.Tools.CrewFinding.Tests\BKA.Tools.CrewFinding.Tests.csproj", "{A0A0B0C4-DED7-44E8-8783-A34F219D0E32}"
EndProject
Project("{FAE04EC0-301F-11D3-BF4B-00C04F79EFBC}") = "BKA.Tools.CrewFinding", "BKA.Tools.CrewFinding\BKA.Tools.CrewFinding.csproj", "{51B2FAF4-31CA-4F47-BE7B-4FCFF889D92C}"
EndProject
Project("{FAE04EC0-301F-11D3-BF4B-00C04F79EFBC}") = "BKA.Tools.CrewFinding.DataAccess.CosmosDb", "BKA.Tools.CrewFinding.DataAccess.CosmosDb\BKA.Tools.CrewFinding.DataAccess.CosmosDb.csproj", "{421F4640-BF6F-4383-950C-C2F387464E34}"
EndProject
Project("{FAE04EC0-301F-11D3-BF4B-00C04F79EFBC}") = "BKA.Tools.CrewFinding.DataAccess.CosmosDb.Tests", "BKA.Tools.CrewFinding.DataAccess.CosmosDb.Tests\BKA.Tools.CrewFinding.DataAccess.CosmosDb.Tests.csproj", "{8A63C0F6-18D6-497A-BA68-5D3180980A66}"
EndProject
Project("{2150E333-8FDC-42A3-9474-1A3956D46DE8}") = "Domain", "Domain", "{40BA2BDD-DA74-45FA-8BD5-E74617079F93}"
EndProject
Project("{2150E333-8FDC-42A3-9474-1A3956D46DE8}") = "Infraestructure", "Infraestructure", "{2A0AADB6-C654-48BF-B156-EACDF03C361B}"
EndProject
Project("{2150E333-8FDC-42A3-9474-1A3956D46DE8}") = "APIs", "APIs", "{DE8ADC97-41B7-4DD5-835B-2CD5ED570EEF}"
EndProject
Project("{FAE04EC0-301F-11D3-BF4B-00C04F79EFBC}") = "BKA.Tools.CrewFinding.KeyVault", "BKA.Tools.CrewFinding.KeyVault\BKA.Tools.CrewFinding.KeyVault.csproj", "{25C6BAF2-E359-4F45-B4F6-BED11A403719}"
EndProject
Project("{FAE04EC0-301F-11D3-BF4B-00C04F79EFBC}") = "BKA.Tools.CrewFinding.API.Functions", "BKA.Tools.CrewFinding.API.Functions\BKA.Tools.CrewFinding.API.Functions.csproj", "{6D996DD0-28B9-4790-941D-96DB81E45659}"
EndProject
Project("{FAE04EC0-301F-11D3-BF4B-00C04F79EFBC}") = "BKA.Tools.CrewFinding.Discord.Tests", "BKA.Tools.CrewFinding.Discord.Tests\BKA.Tools.CrewFinding.Discord.Tests.csproj", "{B0B5F6EF-EC30-446E-91AE-137276F2AE71}"
EndProject
Project("{FAE04EC0-301F-11D3-BF4B-00C04F79EFBC}") = "BKA.Tools.CrewFinding.Discord", "BKA.Tools.CrewFinding.Discord\BKA.Tools.CrewFinding.Discord.csproj", "{922C7E72-6585-47F2-B23D-023A66BC238D}"
EndProject
Project("{FAE04EC0-301F-11D3-BF4B-00C04F79EFBC}") = "BKA.Tools.CrewFinding.Notifications.SignalR.Tests", "BKA.Tools.CrewFinding.Notifications.SignalR.Tests\BKA.Tools.CrewFinding.Notifications.SignalR.Tests.csproj", "{3DC53FD3-C79E-4DEC-9D2B-C9C3148154FF}"
EndProject
Project("{FAE04EC0-301F-11D3-BF4B-00C04F79EFBC}") = "BKA.Tools.CrewFinding.Notifications.SignalR", "BKA.Tools.CrewFinding.Notifications.SignalR\BKA.Tools.CrewFinding.Notifications.SignalR.csproj", "{C4E87EB4-84AD-4660-86AD-33C3D3B8BF88}"
EndProject
Project("{2150E333-8FDC-42A3-9474-1A3956D46DE8}") = "Discord", "Discord", "{31DBD8CC-4173-46FD-93A6-42A3FA10DE45}"
EndProject
Project("{2150E333-8FDC-42A3-9474-1A3956D46DE8}") = "DataAccess", "DataAccess", "{6D287236-491F-4640-8236-76FEFACB07BA}"
EndProject
Project("{2150E333-8FDC-42A3-9474-1A3956D46DE8}") = "Notifications", "Notifications", "{DC50D412-3D0F-4442-B782-9D5623571EF8}"
EndProject
Global
	GlobalSection(SolutionConfigurationPlatforms) = preSolution
		Debug|Any CPU = Debug|Any CPU
		Release|Any CPU = Release|Any CPU
	EndGlobalSection
	GlobalSection(ProjectConfigurationPlatforms) = postSolution
		{ABEC5B25-64DC-42F0-B409-6CD342D98B01}.Debug|Any CPU.ActiveCfg = Debug|Any CPU
		{ABEC5B25-64DC-42F0-B409-6CD342D98B01}.Debug|Any CPU.Build.0 = Debug|Any CPU
		{ABEC5B25-64DC-42F0-B409-6CD342D98B01}.Release|Any CPU.ActiveCfg = Release|Any CPU
		{ABEC5B25-64DC-42F0-B409-6CD342D98B01}.Release|Any CPU.Build.0 = Release|Any CPU
		{A0A0B0C4-DED7-44E8-8783-A34F219D0E32}.Debug|Any CPU.ActiveCfg = Debug|Any CPU
		{A0A0B0C4-DED7-44E8-8783-A34F219D0E32}.Debug|Any CPU.Build.0 = Debug|Any CPU
		{A0A0B0C4-DED7-44E8-8783-A34F219D0E32}.Release|Any CPU.ActiveCfg = Release|Any CPU
		{A0A0B0C4-DED7-44E8-8783-A34F219D0E32}.Release|Any CPU.Build.0 = Release|Any CPU
		{51B2FAF4-31CA-4F47-BE7B-4FCFF889D92C}.Debug|Any CPU.ActiveCfg = Debug|Any CPU
		{51B2FAF4-31CA-4F47-BE7B-4FCFF889D92C}.Debug|Any CPU.Build.0 = Debug|Any CPU
		{51B2FAF4-31CA-4F47-BE7B-4FCFF889D92C}.Release|Any CPU.ActiveCfg = Release|Any CPU
		{51B2FAF4-31CA-4F47-BE7B-4FCFF889D92C}.Release|Any CPU.Build.0 = Release|Any CPU
		{421F4640-BF6F-4383-950C-C2F387464E34}.Debug|Any CPU.ActiveCfg = Debug|Any CPU
		{421F4640-BF6F-4383-950C-C2F387464E34}.Debug|Any CPU.Build.0 = Debug|Any CPU
		{421F4640-BF6F-4383-950C-C2F387464E34}.Release|Any CPU.ActiveCfg = Release|Any CPU
		{421F4640-BF6F-4383-950C-C2F387464E34}.Release|Any CPU.Build.0 = Release|Any CPU
		{8A63C0F6-18D6-497A-BA68-5D3180980A66}.Debug|Any CPU.ActiveCfg = Debug|Any CPU
		{8A63C0F6-18D6-497A-BA68-5D3180980A66}.Debug|Any CPU.Build.0 = Debug|Any CPU
		{8A63C0F6-18D6-497A-BA68-5D3180980A66}.Release|Any CPU.ActiveCfg = Release|Any CPU
		{8A63C0F6-18D6-497A-BA68-5D3180980A66}.Release|Any CPU.Build.0 = Release|Any CPU
		{25C6BAF2-E359-4F45-B4F6-BED11A403719}.Debug|Any CPU.ActiveCfg = Debug|Any CPU
		{25C6BAF2-E359-4F45-B4F6-BED11A403719}.Debug|Any CPU.Build.0 = Debug|Any CPU
		{25C6BAF2-E359-4F45-B4F6-BED11A403719}.Release|Any CPU.ActiveCfg = Release|Any CPU
		{25C6BAF2-E359-4F45-B4F6-BED11A403719}.Release|Any CPU.Build.0 = Release|Any CPU
		{6D996DD0-28B9-4790-941D-96DB81E45659}.Debug|Any CPU.ActiveCfg = Debug|Any CPU
		{6D996DD0-28B9-4790-941D-96DB81E45659}.Debug|Any CPU.Build.0 = Debug|Any CPU
		{6D996DD0-28B9-4790-941D-96DB81E45659}.Release|Any CPU.ActiveCfg = Release|Any CPU
		{6D996DD0-28B9-4790-941D-96DB81E45659}.Release|Any CPU.Build.0 = Release|Any CPU
		{B0B5F6EF-EC30-446E-91AE-137276F2AE71}.Debug|Any CPU.ActiveCfg = Debug|Any CPU
		{B0B5F6EF-EC30-446E-91AE-137276F2AE71}.Debug|Any CPU.Build.0 = Debug|Any CPU
		{B0B5F6EF-EC30-446E-91AE-137276F2AE71}.Release|Any CPU.ActiveCfg = Release|Any CPU
		{B0B5F6EF-EC30-446E-91AE-137276F2AE71}.Release|Any CPU.Build.0 = Release|Any CPU
		{922C7E72-6585-47F2-B23D-023A66BC238D}.Debug|Any CPU.ActiveCfg = Debug|Any CPU
		{922C7E72-6585-47F2-B23D-023A66BC238D}.Debug|Any CPU.Build.0 = Debug|Any CPU
		{922C7E72-6585-47F2-B23D-023A66BC238D}.Release|Any CPU.ActiveCfg = Release|Any CPU
		{922C7E72-6585-47F2-B23D-023A66BC238D}.Release|Any CPU.Build.0 = Release|Any CPU
		{3DC53FD3-C79E-4DEC-9D2B-C9C3148154FF}.Debug|Any CPU.ActiveCfg = Debug|Any CPU
		{3DC53FD3-C79E-4DEC-9D2B-C9C3148154FF}.Debug|Any CPU.Build.0 = Debug|Any CPU
		{3DC53FD3-C79E-4DEC-9D2B-C9C3148154FF}.Release|Any CPU.ActiveCfg = Release|Any CPU
		{3DC53FD3-C79E-4DEC-9D2B-C9C3148154FF}.Release|Any CPU.Build.0 = Release|Any CPU
		{C4E87EB4-84AD-4660-86AD-33C3D3B8BF88}.Debug|Any CPU.ActiveCfg = Debug|Any CPU
		{C4E87EB4-84AD-4660-86AD-33C3D3B8BF88}.Debug|Any CPU.Build.0 = Debug|Any CPU
		{C4E87EB4-84AD-4660-86AD-33C3D3B8BF88}.Release|Any CPU.ActiveCfg = Release|Any CPU
		{C4E87EB4-84AD-4660-86AD-33C3D3B8BF88}.Release|Any CPU.Build.0 = Release|Any CPU
	EndGlobalSection
	GlobalSection(NestedProjects) = preSolution
		{51B2FAF4-31CA-4F47-BE7B-4FCFF889D92C} = {40BA2BDD-DA74-45FA-8BD5-E74617079F93}
		{A0A0B0C4-DED7-44E8-8783-A34F219D0E32} = {40BA2BDD-DA74-45FA-8BD5-E74617079F93}
		{ABEC5B25-64DC-42F0-B409-6CD342D98B01} = {40BA2BDD-DA74-45FA-8BD5-E74617079F93}
		{25C6BAF2-E359-4F45-B4F6-BED11A403719} = {2A0AADB6-C654-48BF-B156-EACDF03C361B}
		{6D996DD0-28B9-4790-941D-96DB81E45659} = {DE8ADC97-41B7-4DD5-835B-2CD5ED570EEF}
		{31DBD8CC-4173-46FD-93A6-42A3FA10DE45} = {2A0AADB6-C654-48BF-B156-EACDF03C361B}
		{922C7E72-6585-47F2-B23D-023A66BC238D} = {31DBD8CC-4173-46FD-93A6-42A3FA10DE45}
		{B0B5F6EF-EC30-446E-91AE-137276F2AE71} = {31DBD8CC-4173-46FD-93A6-42A3FA10DE45}
		{6D287236-491F-4640-8236-76FEFACB07BA} = {2A0AADB6-C654-48BF-B156-EACDF03C361B}
		{8A63C0F6-18D6-497A-BA68-5D3180980A66} = {6D287236-491F-4640-8236-76FEFACB07BA}
		{421F4640-BF6F-4383-950C-C2F387464E34} = {6D287236-491F-4640-8236-76FEFACB07BA}
		{DC50D412-3D0F-4442-B782-9D5623571EF8} = {2A0AADB6-C654-48BF-B156-EACDF03C361B}
		{3DC53FD3-C79E-4DEC-9D2B-C9C3148154FF} = {DC50D412-3D0F-4442-B782-9D5623571EF8}
		{C4E87EB4-84AD-4660-86AD-33C3D3B8BF88} = {DC50D412-3D0F-4442-B782-9D5623571EF8}
	EndGlobalSection
EndGlobal
